
Microsoft Visual Studio Solution File, Format Version 12.00
# Visual Studio 15
VisualStudioVersion = 15.0.26730.15
MinimumVisualStudioVersion = 10.0.40219.1
Project("{8BC9CEB8-8B4A-11D0-8D11-00A0C91BC942}") = "20180911안녕세계", "20180911안녕세계\20180911안녕세계.vcxproj", "{39542A6B-FA0B-4647-BFD6-FE5F4B77E457}"
EndProject
Project("{8BC9CEB8-8B4A-11D0-8D11-00A0C91BC942}") = "20180911안녕세계22", "20180911안녕세계22\20180911안녕세계22.vcxproj", "{3007AAA3-6BCF-463C-90E3-EC8FD048753D}"
EndProject
Project("{8BC9CEB8-8B4A-11D0-8D11-00A0C91BC942}") = "20181002김동현", "20181002김동현\20181002김동현.vcxproj", "{7699B857-0229-4B58-A40B-7BFC9BEF827B}"
EndProject
Project("{8BC9CEB8-8B4A-11D0-8D11-00A0C91BC942}") = "HW-1 1번", "HW-1 1번\HW-1 1번.vcxproj", "{F1CB4084-B18D-48FE-B2E2-CB2E2EE810DF}"
EndProject
Project("{8BC9CEB8-8B4A-11D0-8D11-00A0C91BC942}") = "HW1-2", "HW1-2\HW1-2.vcxproj", "{839CF7C4-AD0A-417F-87A4-37F8E5DDE2F7}"
EndProject
Project("{8BC9CEB8-8B4A-11D0-8D11-00A0C91BC942}") = "HW1-3", "HW1-3\HW1-3.vcxproj", "{73BD72CB-6DAF-4104-9497-F97057EFC707}"
EndProject
Project("{8BC9CEB8-8B4A-11D0-8D11-00A0C91BC942}") = "HW1-4", "HW1-4\HW1-4.vcxproj", "{71B58A76-ACEE-4E3C-A093-70F3AD49A9B0}"
EndProject
Project("{8BC9CEB8-8B4A-11D0-8D11-00A0C91BC942}") = "HW1-5", "HW1-5\HW1-5.vcxproj", "{7F166C26-C4FC-427F-9B96-0EDFE4ABC33A}"
EndProject
Project("{8BC9CEB8-8B4A-11D0-8D11-00A0C91BC942}") = "HW1-6", "HW1-6\HW1-6.vcxproj", "{89F61028-8601-4B85-9FEA-97B8155511EF}"
EndProject
Project("{8BC9CEB8-8B4A-11D0-8D11-00A0C91BC942}") = "20181016김동현眞", "20181016김동현眞\20181016김동현眞.vcxproj", "{7A7C776B-EB38-4CC3-9C82-69CA416B1802}"
EndProject
Project("{8BC9CEB8-8B4A-11D0-8D11-00A0C91BC942}") = "HW2-1", "HW2-1\HW2-1.vcxproj", "{2296420C-91C7-43D4-AC97-4C9D06709C9B}"
EndProject
Project("{8BC9CEB8-8B4A-11D0-8D11-00A0C91BC942}") = "HW2-2", "HW2-2\HW2-2.vcxproj", "{678307FD-B2BE-47BC-93B2-E98DCF66BAA6}"
EndProject
Project("{8BC9CEB8-8B4A-11D0-8D11-00A0C91BC942}") = "HW2-3", "HW2-3\HW2-3.vcxproj", "{09926C6C-5C1A-4FE0-9B05-3DFDE9D7212E}"
EndProject
Project("{8BC9CEB8-8B4A-11D0-8D11-00A0C91BC942}") = "HW2-4", "HW2-4\HW2-4.vcxproj", "{BBE08B6F-6FA6-4FA1-AF8D-DBCDEF0991E7}"
EndProject
Project("{8BC9CEB8-8B4A-11D0-8D11-00A0C91BC942}") = "HW2-5", "HW2-5\HW2-5.vcxproj", "{24513BCF-B361-437B-AD82-B86C42E49F0A}"
EndProject
Project("{8BC9CEB8-8B4A-11D0-8D11-00A0C91BC942}") = "HW2-6", "HW2-6\HW2-6.vcxproj", "{526AC8DD-66C7-4CAA-BA2B-F9EB219179C6}"
EndProject
Project("{8BC9CEB8-8B4A-11D0-8D11-00A0C91BC942}") = "HW2-7", "HW2-7\HW2-7.vcxproj", "{0EA54A28-83E6-4D4A-B073-B6CB1DF025D1}"
EndProject
Project("{8BC9CEB8-8B4A-11D0-8D11-00A0C91BC942}") = "HW2-8,9", "HW2-8\HW2-8.vcxproj", "{8AC223A8-0D3A-45D3-8911-60C012E0B8E9}"
EndProject
Project("{8BC9CEB8-8B4A-11D0-8D11-00A0C91BC942}") = "HW2-10", "HW2-9\HW2-9.vcxproj", "{8F2A1E32-CBD3-4DC6-B1B9-22DD762DD613}"
EndProject
Project("{8BC9CEB8-8B4A-11D0-8D11-00A0C91BC942}") = "HW2-11", "HW2-11\HW2-11.vcxproj", "{C5E22B85-146A-4A04-9C90-42D5E3E13CDE}"
EndProject
Project("{8BC9CEB8-8B4A-11D0-8D11-00A0C91BC942}") = "HW2-12", "HW2-12\HW2-12.vcxproj", "{22AF448B-6AE0-4497-A23C-3D477E3C5AC9}"
EndProject
Project("{8BC9CEB8-8B4A-11D0-8D11-00A0C91BC942}") = "HW2-13", "HW2-13\HW2-13.vcxproj", "{4020A821-D899-415A-BCD7-CF198C4574E9}"
EndProject
Project("{8BC9CEB8-8B4A-11D0-8D11-00A0C91BC942}") = "HW2-14", "HW2-14\HW2-14.vcxproj", "{62C7725C-F620-4CE7-AAC2-B8CF25A47C2C}"
EndProject
Project("{8BC9CEB8-8B4A-11D0-8D11-00A0C91BC942}") = "HW2-15", "HW2-15\HW2-15.vcxproj", "{2E487269-274D-4C1C-99D7-BE86F46070E8}"
EndProject
Project("{8BC9CEB8-8B4A-11D0-8D11-00A0C91BC942}") = "HW2-16", "HW2-16\HW2-16.vcxproj", "{08F8BBCC-571D-48E0-B187-B61879994FCF}"
EndProject
Project("{8BC9CEB8-8B4A-11D0-8D11-00A0C91BC942}") = "HW2-17", "HW2-17\HW2-17.vcxproj", "{EC5383DF-A508-4992-9EFC-4A917D0F024D}"
EndProject
Project("{8BC9CEB8-8B4A-11D0-8D11-00A0C91BC942}") = "HW2-18", "HW2-18\HW2-18.vcxproj", "{3248453A-62B6-41E4-BBE0-779ECB9C3DDB}"
EndProject
Project("{8BC9CEB8-8B4A-11D0-8D11-00A0C91BC942}") = "HW2-19", "HW2-19\HW2-19.vcxproj", "{3863A089-77CB-4279-8966-E49A13BD8049}"
EndProject
Project("{8BC9CEB8-8B4A-11D0-8D11-00A0C91BC942}") = "HW2-20", "HW2-20\HW2-20.vcxproj", "{6461D3A3-8558-425E-8ECA-522DC4AEE9B7}"
EndProject
Project("{8BC9CEB8-8B4A-11D0-8D11-00A0C91BC942}") = "HW2-21", "HW2-21\HW2-21.vcxproj", "{8A482815-6873-4B56-BAFD-D66B128E3D8B}"
EndProject
Project("{8BC9CEB8-8B4A-11D0-8D11-00A0C91BC942}") = "HW2-22", "HW2-22\HW2-22.vcxproj", "{53386212-D878-47BB-BE40-1DD0F32E9DDC}"
EndProject
Project("{8BC9CEB8-8B4A-11D0-8D11-00A0C91BC942}") = "HW2-23", "HW2-23\HW2-23.vcxproj", "{E13C1767-6696-4D4E-93D6-879B0FDBB6FE}"
EndProject
Project("{8BC9CEB8-8B4A-11D0-8D11-00A0C91BC942}") = "HW2-24", "HW2-24\HW2-24.vcxproj", "{0B4B3DC4-6571-48BE-A2DB-8823B89C5204}"
EndProject
Project("{8BC9CEB8-8B4A-11D0-8D11-00A0C91BC942}") = "HW2-25", "HW2-25\HW2-25.vcxproj", "{492E490C-642B-49DC-9AF0-D4BFCDC44F5A}"
EndProject
Global
	GlobalSection(SolutionConfigurationPlatforms) = preSolution
		Debug|x64 = Debug|x64
		Debug|x86 = Debug|x86
		Release|x64 = Release|x64
		Release|x86 = Release|x86
	EndGlobalSection
	GlobalSection(ProjectConfigurationPlatforms) = postSolution
		{39542A6B-FA0B-4647-BFD6-FE5F4B77E457}.Debug|x64.ActiveCfg = Debug|x64
		{39542A6B-FA0B-4647-BFD6-FE5F4B77E457}.Debug|x64.Build.0 = Debug|x64
		{39542A6B-FA0B-4647-BFD6-FE5F4B77E457}.Debug|x86.ActiveCfg = Debug|Win32
		{39542A6B-FA0B-4647-BFD6-FE5F4B77E457}.Debug|x86.Build.0 = Debug|Win32
		{39542A6B-FA0B-4647-BFD6-FE5F4B77E457}.Release|x64.ActiveCfg = Release|x64
		{39542A6B-FA0B-4647-BFD6-FE5F4B77E457}.Release|x64.Build.0 = Release|x64
		{39542A6B-FA0B-4647-BFD6-FE5F4B77E457}.Release|x86.ActiveCfg = Release|Win32
		{39542A6B-FA0B-4647-BFD6-FE5F4B77E457}.Release|x86.Build.0 = Release|Win32
		{3007AAA3-6BCF-463C-90E3-EC8FD048753D}.Debug|x64.ActiveCfg = Debug|x64
		{3007AAA3-6BCF-463C-90E3-EC8FD048753D}.Debug|x64.Build.0 = Debug|x64
		{3007AAA3-6BCF-463C-90E3-EC8FD048753D}.Debug|x86.ActiveCfg = Debug|Win32
		{3007AAA3-6BCF-463C-90E3-EC8FD048753D}.Debug|x86.Build.0 = Debug|Win32
		{3007AAA3-6BCF-463C-90E3-EC8FD048753D}.Release|x64.ActiveCfg = Release|x64
		{3007AAA3-6BCF-463C-90E3-EC8FD048753D}.Release|x64.Build.0 = Release|x64
		{3007AAA3-6BCF-463C-90E3-EC8FD048753D}.Release|x86.ActiveCfg = Release|Win32
		{3007AAA3-6BCF-463C-90E3-EC8FD048753D}.Release|x86.Build.0 = Release|Win32
		{7699B857-0229-4B58-A40B-7BFC9BEF827B}.Debug|x64.ActiveCfg = Debug|x64
		{7699B857-0229-4B58-A40B-7BFC9BEF827B}.Debug|x64.Build.0 = Debug|x64
		{7699B857-0229-4B58-A40B-7BFC9BEF827B}.Debug|x86.ActiveCfg = Debug|Win32
		{7699B857-0229-4B58-A40B-7BFC9BEF827B}.Debug|x86.Build.0 = Debug|Win32
		{7699B857-0229-4B58-A40B-7BFC9BEF827B}.Release|x64.ActiveCfg = Release|x64
		{7699B857-0229-4B58-A40B-7BFC9BEF827B}.Release|x64.Build.0 = Release|x64
		{7699B857-0229-4B58-A40B-7BFC9BEF827B}.Release|x86.ActiveCfg = Release|Win32
		{7699B857-0229-4B58-A40B-7BFC9BEF827B}.Release|x86.Build.0 = Release|Win32
		{F1CB4084-B18D-48FE-B2E2-CB2E2EE810DF}.Debug|x64.ActiveCfg = Debug|x64
		{F1CB4084-B18D-48FE-B2E2-CB2E2EE810DF}.Debug|x64.Build.0 = Debug|x64
		{F1CB4084-B18D-48FE-B2E2-CB2E2EE810DF}.Debug|x86.ActiveCfg = Debug|Win32
		{F1CB4084-B18D-48FE-B2E2-CB2E2EE810DF}.Debug|x86.Build.0 = Debug|Win32
		{F1CB4084-B18D-48FE-B2E2-CB2E2EE810DF}.Release|x64.ActiveCfg = Release|x64
		{F1CB4084-B18D-48FE-B2E2-CB2E2EE810DF}.Release|x64.Build.0 = Release|x64
		{F1CB4084-B18D-48FE-B2E2-CB2E2EE810DF}.Release|x86.ActiveCfg = Release|Win32
		{F1CB4084-B18D-48FE-B2E2-CB2E2EE810DF}.Release|x86.Build.0 = Release|Win32
		{839CF7C4-AD0A-417F-87A4-37F8E5DDE2F7}.Debug|x64.ActiveCfg = Debug|x64
		{839CF7C4-AD0A-417F-87A4-37F8E5DDE2F7}.Debug|x64.Build.0 = Debug|x64
		{839CF7C4-AD0A-417F-87A4-37F8E5DDE2F7}.Debug|x86.ActiveCfg = Debug|Win32
		{839CF7C4-AD0A-417F-87A4-37F8E5DDE2F7}.Debug|x86.Build.0 = Debug|Win32
		{839CF7C4-AD0A-417F-87A4-37F8E5DDE2F7}.Release|x64.ActiveCfg = Release|x64
		{839CF7C4-AD0A-417F-87A4-37F8E5DDE2F7}.Release|x64.Build.0 = Release|x64
		{839CF7C4-AD0A-417F-87A4-37F8E5DDE2F7}.Release|x86.ActiveCfg = Release|Win32
		{839CF7C4-AD0A-417F-87A4-37F8E5DDE2F7}.Release|x86.Build.0 = Release|Win32
		{73BD72CB-6DAF-4104-9497-F97057EFC707}.Debug|x64.ActiveCfg = Debug|x64
		{73BD72CB-6DAF-4104-9497-F97057EFC707}.Debug|x64.Build.0 = Debug|x64
		{73BD72CB-6DAF-4104-9497-F97057EFC707}.Debug|x86.ActiveCfg = Debug|Win32
		{73BD72CB-6DAF-4104-9497-F97057EFC707}.Debug|x86.Build.0 = Debug|Win32
		{73BD72CB-6DAF-4104-9497-F97057EFC707}.Release|x64.ActiveCfg = Release|x64
		{73BD72CB-6DAF-4104-9497-F97057EFC707}.Release|x64.Build.0 = Release|x64
		{73BD72CB-6DAF-4104-9497-F97057EFC707}.Release|x86.ActiveCfg = Release|Win32
		{73BD72CB-6DAF-4104-9497-F97057EFC707}.Release|x86.Build.0 = Release|Win32
		{71B58A76-ACEE-4E3C-A093-70F3AD49A9B0}.Debug|x64.ActiveCfg = Debug|x64
		{71B58A76-ACEE-4E3C-A093-70F3AD49A9B0}.Debug|x64.Build.0 = Debug|x64
		{71B58A76-ACEE-4E3C-A093-70F3AD49A9B0}.Debug|x86.ActiveCfg = Debug|Win32
		{71B58A76-ACEE-4E3C-A093-70F3AD49A9B0}.Debug|x86.Build.0 = Debug|Win32
		{71B58A76-ACEE-4E3C-A093-70F3AD49A9B0}.Release|x64.ActiveCfg = Release|x64
		{71B58A76-ACEE-4E3C-A093-70F3AD49A9B0}.Release|x64.Build.0 = Release|x64
		{71B58A76-ACEE-4E3C-A093-70F3AD49A9B0}.Release|x86.ActiveCfg = Release|Win32
		{71B58A76-ACEE-4E3C-A093-70F3AD49A9B0}.Release|x86.Build.0 = Release|Win32
		{7F166C26-C4FC-427F-9B96-0EDFE4ABC33A}.Debug|x64.ActiveCfg = Debug|x64
		{7F166C26-C4FC-427F-9B96-0EDFE4ABC33A}.Debug|x64.Build.0 = Debug|x64
		{7F166C26-C4FC-427F-9B96-0EDFE4ABC33A}.Debug|x86.ActiveCfg = Debug|Win32
		{7F166C26-C4FC-427F-9B96-0EDFE4ABC33A}.Debug|x86.Build.0 = Debug|Win32
		{7F166C26-C4FC-427F-9B96-0EDFE4ABC33A}.Release|x64.ActiveCfg = Release|x64
		{7F166C26-C4FC-427F-9B96-0EDFE4ABC33A}.Release|x64.Build.0 = Release|x64
		{7F166C26-C4FC-427F-9B96-0EDFE4ABC33A}.Release|x86.ActiveCfg = Release|Win32
		{7F166C26-C4FC-427F-9B96-0EDFE4ABC33A}.Release|x86.Build.0 = Release|Win32
		{89F61028-8601-4B85-9FEA-97B8155511EF}.Debug|x64.ActiveCfg = Debug|x64
		{89F61028-8601-4B85-9FEA-97B8155511EF}.Debug|x64.Build.0 = Debug|x64
		{89F61028-8601-4B85-9FEA-97B8155511EF}.Debug|x86.ActiveCfg = Debug|Win32
		{89F61028-8601-4B85-9FEA-97B8155511EF}.Debug|x86.Build.0 = Debug|Win32
		{89F61028-8601-4B85-9FEA-97B8155511EF}.Release|x64.ActiveCfg = Release|x64
		{89F61028-8601-4B85-9FEA-97B8155511EF}.Release|x64.Build.0 = Release|x64
		{89F61028-8601-4B85-9FEA-97B8155511EF}.Release|x86.ActiveCfg = Release|Win32
		{89F61028-8601-4B85-9FEA-97B8155511EF}.Release|x86.Build.0 = Release|Win32
		{7A7C776B-EB38-4CC3-9C82-69CA416B1802}.Debug|x64.ActiveCfg = Debug|x64
		{7A7C776B-EB38-4CC3-9C82-69CA416B1802}.Debug|x64.Build.0 = Debug|x64
		{7A7C776B-EB38-4CC3-9C82-69CA416B1802}.Debug|x86.ActiveCfg = Debug|Win32
		{7A7C776B-EB38-4CC3-9C82-69CA416B1802}.Debug|x86.Build.0 = Debug|Win32
		{7A7C776B-EB38-4CC3-9C82-69CA416B1802}.Release|x64.ActiveCfg = Release|x64
		{7A7C776B-EB38-4CC3-9C82-69CA416B1802}.Release|x64.Build.0 = Release|x64
		{7A7C776B-EB38-4CC3-9C82-69CA416B1802}.Release|x86.ActiveCfg = Release|Win32
		{7A7C776B-EB38-4CC3-9C82-69CA416B1802}.Release|x86.Build.0 = Release|Win32
		{2296420C-91C7-43D4-AC97-4C9D06709C9B}.Debug|x64.ActiveCfg = Debug|x64
		{2296420C-91C7-43D4-AC97-4C9D06709C9B}.Debug|x64.Build.0 = Debug|x64
		{2296420C-91C7-43D4-AC97-4C9D06709C9B}.Debug|x86.ActiveCfg = Debug|Win32
		{2296420C-91C7-43D4-AC97-4C9D06709C9B}.Debug|x86.Build.0 = Debug|Win32
		{2296420C-91C7-43D4-AC97-4C9D06709C9B}.Release|x64.ActiveCfg = Release|x64
		{2296420C-91C7-43D4-AC97-4C9D06709C9B}.Release|x64.Build.0 = Release|x64
		{2296420C-91C7-43D4-AC97-4C9D06709C9B}.Release|x86.ActiveCfg = Release|Win32
		{2296420C-91C7-43D4-AC97-4C9D06709C9B}.Release|x86.Build.0 = Release|Win32
		{678307FD-B2BE-47BC-93B2-E98DCF66BAA6}.Debug|x64.ActiveCfg = Debug|x64
		{678307FD-B2BE-47BC-93B2-E98DCF66BAA6}.Debug|x64.Build.0 = Debug|x64
		{678307FD-B2BE-47BC-93B2-E98DCF66BAA6}.Debug|x86.ActiveCfg = Debug|Win32
		{678307FD-B2BE-47BC-93B2-E98DCF66BAA6}.Debug|x86.Build.0 = Debug|Win32
		{678307FD-B2BE-47BC-93B2-E98DCF66BAA6}.Release|x64.ActiveCfg = Release|x64
		{678307FD-B2BE-47BC-93B2-E98DCF66BAA6}.Release|x64.Build.0 = Release|x64
		{678307FD-B2BE-47BC-93B2-E98DCF66BAA6}.Release|x86.ActiveCfg = Release|Win32
		{678307FD-B2BE-47BC-93B2-E98DCF66BAA6}.Release|x86.Build.0 = Release|Win32
		{09926C6C-5C1A-4FE0-9B05-3DFDE9D7212E}.Debug|x64.ActiveCfg = Debug|x64
		{09926C6C-5C1A-4FE0-9B05-3DFDE9D7212E}.Debug|x64.Build.0 = Debug|x64
		{09926C6C-5C1A-4FE0-9B05-3DFDE9D7212E}.Debug|x86.ActiveCfg = Debug|Win32
		{09926C6C-5C1A-4FE0-9B05-3DFDE9D7212E}.Debug|x86.Build.0 = Debug|Win32
		{09926C6C-5C1A-4FE0-9B05-3DFDE9D7212E}.Release|x64.ActiveCfg = Release|x64
		{09926C6C-5C1A-4FE0-9B05-3DFDE9D7212E}.Release|x64.Build.0 = Release|x64
		{09926C6C-5C1A-4FE0-9B05-3DFDE9D7212E}.Release|x86.ActiveCfg = Release|Win32
		{09926C6C-5C1A-4FE0-9B05-3DFDE9D7212E}.Release|x86.Build.0 = Release|Win32
		{BBE08B6F-6FA6-4FA1-AF8D-DBCDEF0991E7}.Debug|x64.ActiveCfg = Debug|x64
		{BBE08B6F-6FA6-4FA1-AF8D-DBCDEF0991E7}.Debug|x64.Build.0 = Debug|x64
		{BBE08B6F-6FA6-4FA1-AF8D-DBCDEF0991E7}.Debug|x86.ActiveCfg = Debug|Win32
		{BBE08B6F-6FA6-4FA1-AF8D-DBCDEF0991E7}.Debug|x86.Build.0 = Debug|Win32
		{BBE08B6F-6FA6-4FA1-AF8D-DBCDEF0991E7}.Release|x64.ActiveCfg = Release|x64
		{BBE08B6F-6FA6-4FA1-AF8D-DBCDEF0991E7}.Release|x64.Build.0 = Release|x64
		{BBE08B6F-6FA6-4FA1-AF8D-DBCDEF0991E7}.Release|x86.ActiveCfg = Release|Win32
		{BBE08B6F-6FA6-4FA1-AF8D-DBCDEF0991E7}.Release|x86.Build.0 = Release|Win32
		{24513BCF-B361-437B-AD82-B86C42E49F0A}.Debug|x64.ActiveCfg = Debug|x64
		{24513BCF-B361-437B-AD82-B86C42E49F0A}.Debug|x64.Build.0 = Debug|x64
		{24513BCF-B361-437B-AD82-B86C42E49F0A}.Debug|x86.ActiveCfg = Debug|Win32
		{24513BCF-B361-437B-AD82-B86C42E49F0A}.Debug|x86.Build.0 = Debug|Win32
		{24513BCF-B361-437B-AD82-B86C42E49F0A}.Release|x64.ActiveCfg = Release|x64
		{24513BCF-B361-437B-AD82-B86C42E49F0A}.Release|x64.Build.0 = Release|x64
		{24513BCF-B361-437B-AD82-B86C42E49F0A}.Release|x86.ActiveCfg = Release|Win32
		{24513BCF-B361-437B-AD82-B86C42E49F0A}.Release|x86.Build.0 = Release|Win32
		{526AC8DD-66C7-4CAA-BA2B-F9EB219179C6}.Debug|x64.ActiveCfg = Debug|x64
		{526AC8DD-66C7-4CAA-BA2B-F9EB219179C6}.Debug|x64.Build.0 = Debug|x64
		{526AC8DD-66C7-4CAA-BA2B-F9EB219179C6}.Debug|x86.ActiveCfg = Debug|Win32
		{526AC8DD-66C7-4CAA-BA2B-F9EB219179C6}.Debug|x86.Build.0 = Debug|Win32
		{526AC8DD-66C7-4CAA-BA2B-F9EB219179C6}.Release|x64.ActiveCfg = Release|x64
		{526AC8DD-66C7-4CAA-BA2B-F9EB219179C6}.Release|x64.Build.0 = Release|x64
		{526AC8DD-66C7-4CAA-BA2B-F9EB219179C6}.Release|x86.ActiveCfg = Release|Win32
		{526AC8DD-66C7-4CAA-BA2B-F9EB219179C6}.Release|x86.Build.0 = Release|Win32
		{0EA54A28-83E6-4D4A-B073-B6CB1DF025D1}.Debug|x64.ActiveCfg = Debug|x64
		{0EA54A28-83E6-4D4A-B073-B6CB1DF025D1}.Debug|x64.Build.0 = Debug|x64
		{0EA54A28-83E6-4D4A-B073-B6CB1DF025D1}.Debug|x86.ActiveCfg = Debug|Win32
		{0EA54A28-83E6-4D4A-B073-B6CB1DF025D1}.Debug|x86.Build.0 = Debug|Win32
		{0EA54A28-83E6-4D4A-B073-B6CB1DF025D1}.Release|x64.ActiveCfg = Release|x64
		{0EA54A28-83E6-4D4A-B073-B6CB1DF025D1}.Release|x64.Build.0 = Release|x64
		{0EA54A28-83E6-4D4A-B073-B6CB1DF025D1}.Release|x86.ActiveCfg = Release|Win32
		{0EA54A28-83E6-4D4A-B073-B6CB1DF025D1}.Release|x86.Build.0 = Release|Win32
		{8AC223A8-0D3A-45D3-8911-60C012E0B8E9}.Debug|x64.ActiveCfg = Debug|x64
		{8AC223A8-0D3A-45D3-8911-60C012E0B8E9}.Debug|x64.Build.0 = Debug|x64
		{8AC223A8-0D3A-45D3-8911-60C012E0B8E9}.Debug|x86.ActiveCfg = Debug|Win32
		{8AC223A8-0D3A-45D3-8911-60C012E0B8E9}.Debug|x86.Build.0 = Debug|Win32
		{8AC223A8-0D3A-45D3-8911-60C012E0B8E9}.Release|x64.ActiveCfg = Release|x64
		{8AC223A8-0D3A-45D3-8911-60C012E0B8E9}.Release|x64.Build.0 = Release|x64
		{8AC223A8-0D3A-45D3-8911-60C012E0B8E9}.Release|x86.ActiveCfg = Release|Win32
		{8AC223A8-0D3A-45D3-8911-60C012E0B8E9}.Release|x86.Build.0 = Release|Win32
		{8F2A1E32-CBD3-4DC6-B1B9-22DD762DD613}.Debug|x64.ActiveCfg = Debug|x64
		{8F2A1E32-CBD3-4DC6-B1B9-22DD762DD613}.Debug|x64.Build.0 = Debug|x64
		{8F2A1E32-CBD3-4DC6-B1B9-22DD762DD613}.Debug|x86.ActiveCfg = Debug|Win32
		{8F2A1E32-CBD3-4DC6-B1B9-22DD762DD613}.Debug|x86.Build.0 = Debug|Win32
		{8F2A1E32-CBD3-4DC6-B1B9-22DD762DD613}.Release|x64.ActiveCfg = Release|x64
		{8F2A1E32-CBD3-4DC6-B1B9-22DD762DD613}.Release|x64.Build.0 = Release|x64
		{8F2A1E32-CBD3-4DC6-B1B9-22DD762DD613}.Release|x86.ActiveCfg = Release|Win32
		{8F2A1E32-CBD3-4DC6-B1B9-22DD762DD613}.Release|x86.Build.0 = Release|Win32
		{C5E22B85-146A-4A04-9C90-42D5E3E13CDE}.Debug|x64.ActiveCfg = Debug|x64
		{C5E22B85-146A-4A04-9C90-42D5E3E13CDE}.Debug|x64.Build.0 = Debug|x64
		{C5E22B85-146A-4A04-9C90-42D5E3E13CDE}.Debug|x86.ActiveCfg = Debug|Win32
		{C5E22B85-146A-4A04-9C90-42D5E3E13CDE}.Debug|x86.Build.0 = Debug|Win32
		{C5E22B85-146A-4A04-9C90-42D5E3E13CDE}.Release|x64.ActiveCfg = Release|x64
		{C5E22B85-146A-4A04-9C90-42D5E3E13CDE}.Release|x64.Build.0 = Release|x64
		{C5E22B85-146A-4A04-9C90-42D5E3E13CDE}.Release|x86.ActiveCfg = Release|Win32
		{C5E22B85-146A-4A04-9C90-42D5E3E13CDE}.Release|x86.Build.0 = Release|Win32
		{22AF448B-6AE0-4497-A23C-3D477E3C5AC9}.Debug|x64.ActiveCfg = Debug|x64
		{22AF448B-6AE0-4497-A23C-3D477E3C5AC9}.Debug|x64.Build.0 = Debug|x64
		{22AF448B-6AE0-4497-A23C-3D477E3C5AC9}.Debug|x86.ActiveCfg = Debug|Win32
		{22AF448B-6AE0-4497-A23C-3D477E3C5AC9}.Debug|x86.Build.0 = Debug|Win32
		{22AF448B-6AE0-4497-A23C-3D477E3C5AC9}.Release|x64.ActiveCfg = Release|x64
		{22AF448B-6AE0-4497-A23C-3D477E3C5AC9}.Release|x64.Build.0 = Release|x64
		{22AF448B-6AE0-4497-A23C-3D477E3C5AC9}.Release|x86.ActiveCfg = Release|Win32
		{22AF448B-6AE0-4497-A23C-3D477E3C5AC9}.Release|x86.Build.0 = Release|Win32
		{4020A821-D899-415A-BCD7-CF198C4574E9}.Debug|x64.ActiveCfg = Debug|x64
		{4020A821-D899-415A-BCD7-CF198C4574E9}.Debug|x64.Build.0 = Debug|x64
		{4020A821-D899-415A-BCD7-CF198C4574E9}.Debug|x86.ActiveCfg = Debug|Win32
		{4020A821-D899-415A-BCD7-CF198C4574E9}.Debug|x86.Build.0 = Debug|Win32
		{4020A821-D899-415A-BCD7-CF198C4574E9}.Release|x64.ActiveCfg = Release|x64
		{4020A821-D899-415A-BCD7-CF198C4574E9}.Release|x64.Build.0 = Release|x64
		{4020A821-D899-415A-BCD7-CF198C4574E9}.Release|x86.ActiveCfg = Release|Win32
		{4020A821-D899-415A-BCD7-CF198C4574E9}.Release|x86.Build.0 = Release|Win32
		{62C7725C-F620-4CE7-AAC2-B8CF25A47C2C}.Debug|x64.ActiveCfg = Debug|x64
		{62C7725C-F620-4CE7-AAC2-B8CF25A47C2C}.Debug|x64.Build.0 = Debug|x64
		{62C7725C-F620-4CE7-AAC2-B8CF25A47C2C}.Debug|x86.ActiveCfg = Debug|Win32
		{62C7725C-F620-4CE7-AAC2-B8CF25A47C2C}.Debug|x86.Build.0 = Debug|Win32
		{62C7725C-F620-4CE7-AAC2-B8CF25A47C2C}.Release|x64.ActiveCfg = Release|x64
		{62C7725C-F620-4CE7-AAC2-B8CF25A47C2C}.Release|x64.Build.0 = Release|x64
		{62C7725C-F620-4CE7-AAC2-B8CF25A47C2C}.Release|x86.ActiveCfg = Release|Win32
		{62C7725C-F620-4CE7-AAC2-B8CF25A47C2C}.Release|x86.Build.0 = Release|Win32
		{2E487269-274D-4C1C-99D7-BE86F46070E8}.Debug|x64.ActiveCfg = Debug|x64
		{2E487269-274D-4C1C-99D7-BE86F46070E8}.Debug|x64.Build.0 = Debug|x64
		{2E487269-274D-4C1C-99D7-BE86F46070E8}.Debug|x86.ActiveCfg = Debug|Win32
		{2E487269-274D-4C1C-99D7-BE86F46070E8}.Debug|x86.Build.0 = Debug|Win32
		{2E487269-274D-4C1C-99D7-BE86F46070E8}.Release|x64.ActiveCfg = Release|x64
		{2E487269-274D-4C1C-99D7-BE86F46070E8}.Release|x64.Build.0 = Release|x64
		{2E487269-274D-4C1C-99D7-BE86F46070E8}.Release|x86.ActiveCfg = Release|Win32
		{2E487269-274D-4C1C-99D7-BE86F46070E8}.Release|x86.Build.0 = Release|Win32
		{08F8BBCC-571D-48E0-B187-B61879994FCF}.Debug|x64.ActiveCfg = Debug|x64
		{08F8BBCC-571D-48E0-B187-B61879994FCF}.Debug|x64.Build.0 = Debug|x64
		{08F8BBCC-571D-48E0-B187-B61879994FCF}.Debug|x86.ActiveCfg = Debug|Win32
		{08F8BBCC-571D-48E0-B187-B61879994FCF}.Debug|x86.Build.0 = Debug|Win32
		{08F8BBCC-571D-48E0-B187-B61879994FCF}.Release|x64.ActiveCfg = Release|x64
		{08F8BBCC-571D-48E0-B187-B61879994FCF}.Release|x64.Build.0 = Release|x64
		{08F8BBCC-571D-48E0-B187-B61879994FCF}.Release|x86.ActiveCfg = Release|Win32
		{08F8BBCC-571D-48E0-B187-B61879994FCF}.Release|x86.Build.0 = Release|Win32
		{EC5383DF-A508-4992-9EFC-4A917D0F024D}.Debug|x64.ActiveCfg = Debug|x64
		{EC5383DF-A508-4992-9EFC-4A917D0F024D}.Debug|x64.Build.0 = Debug|x64
		{EC5383DF-A508-4992-9EFC-4A917D0F024D}.Debug|x86.ActiveCfg = Debug|Win32
		{EC5383DF-A508-4992-9EFC-4A917D0F024D}.Debug|x86.Build.0 = Debug|Win32
		{EC5383DF-A508-4992-9EFC-4A917D0F024D}.Release|x64.ActiveCfg = Release|x64
		{EC5383DF-A508-4992-9EFC-4A917D0F024D}.Release|x64.Build.0 = Release|x64
		{EC5383DF-A508-4992-9EFC-4A917D0F024D}.Release|x86.ActiveCfg = Release|Win32
		{EC5383DF-A508-4992-9EFC-4A917D0F024D}.Release|x86.Build.0 = Release|Win32
		{3248453A-62B6-41E4-BBE0-779ECB9C3DDB}.Debug|x64.ActiveCfg = Debug|x64
		{3248453A-62B6-41E4-BBE0-779ECB9C3DDB}.Debug|x64.Build.0 = Debug|x64
		{3248453A-62B6-41E4-BBE0-779ECB9C3DDB}.Debug|x86.ActiveCfg = Debug|Win32
		{3248453A-62B6-41E4-BBE0-779ECB9C3DDB}.Debug|x86.Build.0 = Debug|Win32
		{3248453A-62B6-41E4-BBE0-779ECB9C3DDB}.Release|x64.ActiveCfg = Release|x64
		{3248453A-62B6-41E4-BBE0-779ECB9C3DDB}.Release|x64.Build.0 = Release|x64
		{3248453A-62B6-41E4-BBE0-779ECB9C3DDB}.Release|x86.ActiveCfg = Release|Win32
		{3248453A-62B6-41E4-BBE0-779ECB9C3DDB}.Release|x86.Build.0 = Release|Win32
		{3863A089-77CB-4279-8966-E49A13BD8049}.Debug|x64.ActiveCfg = Debug|x64
		{3863A089-77CB-4279-8966-E49A13BD8049}.Debug|x64.Build.0 = Debug|x64
		{3863A089-77CB-4279-8966-E49A13BD8049}.Debug|x86.ActiveCfg = Debug|Win32
		{3863A089-77CB-4279-8966-E49A13BD8049}.Debug|x86.Build.0 = Debug|Win32
		{3863A089-77CB-4279-8966-E49A13BD8049}.Release|x64.ActiveCfg = Release|x64
		{3863A089-77CB-4279-8966-E49A13BD8049}.Release|x64.Build.0 = Release|x64
		{3863A089-77CB-4279-8966-E49A13BD8049}.Release|x86.ActiveCfg = Release|Win32
		{3863A089-77CB-4279-8966-E49A13BD8049}.Release|x86.Build.0 = Release|Win32
		{6461D3A3-8558-425E-8ECA-522DC4AEE9B7}.Debug|x64.ActiveCfg = Debug|x64
		{6461D3A3-8558-425E-8ECA-522DC4AEE9B7}.Debug|x64.Build.0 = Debug|x64
		{6461D3A3-8558-425E-8ECA-522DC4AEE9B7}.Debug|x86.ActiveCfg = Debug|Win32
		{6461D3A3-8558-425E-8ECA-522DC4AEE9B7}.Debug|x86.Build.0 = Debug|Win32
		{6461D3A3-8558-425E-8ECA-522DC4AEE9B7}.Release|x64.ActiveCfg = Release|x64
		{6461D3A3-8558-425E-8ECA-522DC4AEE9B7}.Release|x64.Build.0 = Release|x64
		{6461D3A3-8558-425E-8ECA-522DC4AEE9B7}.Release|x86.ActiveCfg = Release|Win32
		{6461D3A3-8558-425E-8ECA-522DC4AEE9B7}.Release|x86.Build.0 = Release|Win32
		{8A482815-6873-4B56-BAFD-D66B128E3D8B}.Debug|x64.ActiveCfg = Debug|x64
		{8A482815-6873-4B56-BAFD-D66B128E3D8B}.Debug|x64.Build.0 = Debug|x64
		{8A482815-6873-4B56-BAFD-D66B128E3D8B}.Debug|x86.ActiveCfg = Debug|Win32
		{8A482815-6873-4B56-BAFD-D66B128E3D8B}.Debug|x86.Build.0 = Debug|Win32
		{8A482815-6873-4B56-BAFD-D66B128E3D8B}.Release|x64.ActiveCfg = Release|x64
		{8A482815-6873-4B56-BAFD-D66B128E3D8B}.Release|x64.Build.0 = Release|x64
		{8A482815-6873-4B56-BAFD-D66B128E3D8B}.Release|x86.ActiveCfg = Release|Win32
		{8A482815-6873-4B56-BAFD-D66B128E3D8B}.Release|x86.Build.0 = Release|Win32
		{53386212-D878-47BB-BE40-1DD0F32E9DDC}.Debug|x64.ActiveCfg = Debug|x64
		{53386212-D878-47BB-BE40-1DD0F32E9DDC}.Debug|x64.Build.0 = Debug|x64
		{53386212-D878-47BB-BE40-1DD0F32E9DDC}.Debug|x86.ActiveCfg = Debug|Win32
		{53386212-D878-47BB-BE40-1DD0F32E9DDC}.Debug|x86.Build.0 = Debug|Win32
		{53386212-D878-47BB-BE40-1DD0F32E9DDC}.Release|x64.ActiveCfg = Release|x64
		{53386212-D878-47BB-BE40-1DD0F32E9DDC}.Release|x64.Build.0 = Release|x64
		{53386212-D878-47BB-BE40-1DD0F32E9DDC}.Release|x86.ActiveCfg = Release|Win32
		{53386212-D878-47BB-BE40-1DD0F32E9DDC}.Release|x86.Build.0 = Release|Win32
		{E13C1767-6696-4D4E-93D6-879B0FDBB6FE}.Debug|x64.ActiveCfg = Debug|x64
		{E13C1767-6696-4D4E-93D6-879B0FDBB6FE}.Debug|x64.Build.0 = Debug|x64
		{E13C1767-6696-4D4E-93D6-879B0FDBB6FE}.Debug|x86.ActiveCfg = Debug|Win32
		{E13C1767-6696-4D4E-93D6-879B0FDBB6FE}.Debug|x86.Build.0 = Debug|Win32
		{E13C1767-6696-4D4E-93D6-879B0FDBB6FE}.Release|x64.ActiveCfg = Release|x64
		{E13C1767-6696-4D4E-93D6-879B0FDBB6FE}.Release|x64.Build.0 = Release|x64
		{E13C1767-6696-4D4E-93D6-879B0FDBB6FE}.Release|x86.ActiveCfg = Release|Win32
		{E13C1767-6696-4D4E-93D6-879B0FDBB6FE}.Release|x86.Build.0 = Release|Win32
		{0B4B3DC4-6571-48BE-A2DB-8823B89C5204}.Debug|x64.ActiveCfg = Debug|x64
		{0B4B3DC4-6571-48BE-A2DB-8823B89C5204}.Debug|x64.Build.0 = Debug|x64
		{0B4B3DC4-6571-48BE-A2DB-8823B89C5204}.Debug|x86.ActiveCfg = Debug|Win32
		{0B4B3DC4-6571-48BE-A2DB-8823B89C5204}.Debug|x86.Build.0 = Debug|Win32
		{0B4B3DC4-6571-48BE-A2DB-8823B89C5204}.Release|x64.ActiveCfg = Release|x64
		{0B4B3DC4-6571-48BE-A2DB-8823B89C5204}.Release|x64.Build.0 = Release|x64
		{0B4B3DC4-6571-48BE-A2DB-8823B89C5204}.Release|x86.ActiveCfg = Release|Win32
		{0B4B3DC4-6571-48BE-A2DB-8823B89C5204}.Release|x86.Build.0 = Release|Win32
		{492E490C-642B-49DC-9AF0-D4BFCDC44F5A}.Debug|x64.ActiveCfg = Debug|x64
		{492E490C-642B-49DC-9AF0-D4BFCDC44F5A}.Debug|x64.Build.0 = Debug|x64
		{492E490C-642B-49DC-9AF0-D4BFCDC44F5A}.Debug|x86.ActiveCfg = Debug|Win32
		{492E490C-642B-49DC-9AF0-D4BFCDC44F5A}.Debug|x86.Build.0 = Debug|Win32
		{492E490C-642B-49DC-9AF0-D4BFCDC44F5A}.Release|x64.ActiveCfg = Release|x64
		{492E490C-642B-49DC-9AF0-D4BFCDC44F5A}.Release|x64.Build.0 = Release|x64
		{492E490C-642B-49DC-9AF0-D4BFCDC44F5A}.Release|x86.ActiveCfg = Release|Win32
		{492E490C-642B-49DC-9AF0-D4BFCDC44F5A}.Release|x86.Build.0 = Release|Win32
	EndGlobalSection
	GlobalSection(SolutionProperties) = preSolution
		HideSolutionNode = FALSE
	EndGlobalSection
	GlobalSection(ExtensibilityGlobals) = postSolution
		SolutionGuid = {8A14DCC5-E5F7-49B2-AEFA-285CF317BD80}
	EndGlobalSection
EndGlobal
